// !$*UTF8*$!
{
	archiveVersion = 1;
	classes = {
	};
	objectVersion = 55;
	objects = {

/* Begin PBXBuildFile section */
		BD3BD8EF2886FFF900513938 /* AppDelegate.swift in Sources */ = {isa = PBXBuildFile; fileRef = BD3BD8EE2886FFF900513938 /* AppDelegate.swift */; };
		BD3BD8F12886FFF900513938 /* SceneDelegate.swift in Sources */ = {isa = PBXBuildFile; fileRef = BD3BD8F02886FFF900513938 /* SceneDelegate.swift */; };
		BD3BD8F32886FFF900513938 /* ViewController.swift in Sources */ = {isa = PBXBuildFile; fileRef = BD3BD8F22886FFF900513938 /* ViewController.swift */; };
		BD3BD8F62886FFF900513938 /* Main.storyboard in Resources */ = {isa = PBXBuildFile; fileRef = BD3BD8F42886FFF900513938 /* Main.storyboard */; };
		BD3BD8F92886FFF900513938 /* Representation4ALL.xcdatamodeld in Sources */ = {isa = PBXBuildFile; fileRef = BD3BD8F72886FFF900513938 /* Representation4ALL.xcdatamodeld */; };
		BD3BD8FB2886FFFB00513938 /* Assets.xcassets in Resources */ = {isa = PBXBuildFile; fileRef = BD3BD8FA2886FFFB00513938 /* Assets.xcassets */; };
		BD3BD8FE2886FFFB00513938 /* LaunchScreen.storyboard in Resources */ = {isa = PBXBuildFile; fileRef = BD3BD8FC2886FFFB00513938 /* LaunchScreen.storyboard */; };
		BD3BD9092886FFFB00513938 /* Representation4ALLTests.swift in Sources */ = {isa = PBXBuildFile; fileRef = BD3BD9082886FFFB00513938 /* Representation4ALLTests.swift */; };
		BD3BD9132886FFFB00513938 /* Representation4ALLUITests.swift in Sources */ = {isa = PBXBuildFile; fileRef = BD3BD9122886FFFB00513938 /* Representation4ALLUITests.swift */; };
		BD3BD9152886FFFB00513938 /* Representation4ALLUITestsLaunchTests.swift in Sources */ = {isa = PBXBuildFile; fileRef = BD3BD9142886FFFB00513938 /* Representation4ALLUITestsLaunchTests.swift */; };
/* End PBXBuildFile section */

/* Begin PBXContainerItemProxy section */
		BD3BD9052886FFFB00513938 /* PBXContainerItemProxy */ = {
			isa = PBXContainerItemProxy;
			containerPortal = BD3BD8E32886FFF900513938 /* Project object */;
			proxyType = 1;
			remoteGlobalIDString = BD3BD8EA2886FFF900513938;
			remoteInfo = Representation4ALL;
		};
		BD3BD90F2886FFFB00513938 /* PBXContainerItemProxy */ = {
			isa = PBXContainerItemProxy;
			containerPortal = BD3BD8E32886FFF900513938 /* Project object */;
			proxyType = 1;
			remoteGlobalIDString = BD3BD8EA2886FFF900513938;
			remoteInfo = Representation4ALL;
		};
/* End PBXContainerItemProxy section */

/* Begin PBXFileReference section */
		BD3BD8EB2886FFF900513938 /* Representation4ALL.app */ = {isa = PBXFileReference; explicitFileType = wrapper.application; includeInIndex = 0; path = Representation4ALL.app; sourceTree = BUILT_PRODUCTS_DIR; };
		BD3BD8EE2886FFF900513938 /* AppDelegate.swift */ = {isa = PBXFileReference; lastKnownFileType = sourcecode.swift; path = AppDelegate.swift; sourceTree = "<group>"; };
		BD3BD8F02886FFF900513938 /* SceneDelegate.swift */ = {isa = PBXFileReference; lastKnownFileType = sourcecode.swift; path = SceneDelegate.swift; sourceTree = "<group>"; };
		BD3BD8F22886FFF900513938 /* ViewController.swift */ = {isa = PBXFileReference; lastKnownFileType = sourcecode.swift; path = ViewController.swift; sourceTree = "<group>"; };
		BD3BD8F52886FFF900513938 /* Base */ = {isa = PBXFileReference; lastKnownFileType = file.storyboard; name = Base; path = Base.lproj/Main.storyboard; sourceTree = "<group>"; };
		BD3BD8F82886FFF900513938 /* Representation4ALL.xcdatamodel */ = {isa = PBXFileReference; lastKnownFileType = wrapper.xcdatamodel; path = Representation4ALL.xcdatamodel; sourceTree = "<group>"; };
		BD3BD8FA2886FFFB00513938 /* Assets.xcassets */ = {isa = PBXFileReference; lastKnownFileType = folder.assetcatalog; path = Assets.xcassets; sourceTree = "<group>"; };
		BD3BD8FD2886FFFB00513938 /* Base */ = {isa = PBXFileReference; lastKnownFileType = file.storyboard; name = Base; path = Base.lproj/LaunchScreen.storyboard; sourceTree = "<group>"; };
		BD3BD8FF2886FFFB00513938 /* Info.plist */ = {isa = PBXFileReference; lastKnownFileType = text.plist.xml; path = Info.plist; sourceTree = "<group>"; };
		BD3BD9042886FFFB00513938 /* Representation4ALLTests.xctest */ = {isa = PBXFileReference; explicitFileType = wrapper.cfbundle; includeInIndex = 0; path = Representation4ALLTests.xctest; sourceTree = BUILT_PRODUCTS_DIR; };
		BD3BD9082886FFFB00513938 /* Representation4ALLTests.swift */ = {isa = PBXFileReference; lastKnownFileType = sourcecode.swift; path = Representation4ALLTests.swift; sourceTree = "<group>"; };
		BD3BD90E2886FFFB00513938 /* Representation4ALLUITests.xctest */ = {isa = PBXFileReference; explicitFileType = wrapper.cfbundle; includeInIndex = 0; path = Representation4ALLUITests.xctest; sourceTree = BUILT_PRODUCTS_DIR; };
		BD3BD9122886FFFB00513938 /* Representation4ALLUITests.swift */ = {isa = PBXFileReference; lastKnownFileType = sourcecode.swift; path = Representation4ALLUITests.swift; sourceTree = "<group>"; };
		BD3BD9142886FFFB00513938 /* Representation4ALLUITestsLaunchTests.swift */ = {isa = PBXFileReference; lastKnownFileType = sourcecode.swift; path = Representation4ALLUITestsLaunchTests.swift; sourceTree = "<group>"; };
/* End PBXFileReference section */

/* Begin PBXFrameworksBuildPhase section */
		BD3BD8E82886FFF900513938 /* Frameworks */ = {
			isa = PBXFrameworksBuildPhase;
			buildActionMask = 2147483647;
			files = (
			);
			runOnlyForDeploymentPostprocessing = 0;
		};
		BD3BD9012886FFFB00513938 /* Frameworks */ = {
			isa = PBXFrameworksBuildPhase;
			buildActionMask = 2147483647;
			files = (
			);
			runOnlyForDeploymentPostprocessing = 0;
		};
		BD3BD90B2886FFFB00513938 /* Frameworks */ = {
			isa = PBXFrameworksBuildPhase;
			buildActionMask = 2147483647;
			files = (
			);
			runOnlyForDeploymentPostprocessing = 0;
		};
/* End PBXFrameworksBuildPhase section */

/* Begin PBXGroup section */
		BD3BD8E22886FFF900513938 = {
			isa = PBXGroup;
			children = (
				BD3BD8ED2886FFF900513938 /* Representation4ALL */,
				BD3BD9072886FFFB00513938 /* Representation4ALLTests */,
				BD3BD9112886FFFB00513938 /* Representation4ALLUITests */,
				BD3BD8EC2886FFF900513938 /* Products */,
			);
			sourceTree = "<group>";
		};
		BD3BD8EC2886FFF900513938 /* Products */ = {
			isa = PBXGroup;
			children = (
				BD3BD8EB2886FFF900513938 /* Representation4ALL.app */,
				BD3BD9042886FFFB00513938 /* Representation4ALLTests.xctest */,
				BD3BD90E2886FFFB00513938 /* Representation4ALLUITests.xctest */,
			);
			name = Products;
			sourceTree = "<group>";
		};
		BD3BD8ED2886FFF900513938 /* Representation4ALL */ = {
			isa = PBXGroup;
			children = (
				BD3BD8EE2886FFF900513938 /* AppDelegate.swift */,
				BD3BD8F02886FFF900513938 /* SceneDelegate.swift */,
				BD3BD8F22886FFF900513938 /* ViewController.swift */,
				BD3BD8F42886FFF900513938 /* Main.storyboard */,
				BD3BD8FA2886FFFB00513938 /* Assets.xcassets */,
				BD3BD8FC2886FFFB00513938 /* LaunchScreen.storyboard */,
				BD3BD8FF2886FFFB00513938 /* Info.plist */,
				BD3BD8F72886FFF900513938 /* Representation4ALL.xcdatamodeld */,
			);
			path = Representation4ALL;
			sourceTree = "<group>";
		};
		BD3BD9072886FFFB00513938 /* Representation4ALLTests */ = {
			isa = PBXGroup;
			children = (
				BD3BD9082886FFFB00513938 /* Representation4ALLTests.swift */,
			);
			path = Representation4ALLTests;
			sourceTree = "<group>";
		};
		BD3BD9112886FFFB00513938 /* Representation4ALLUITests */ = {
			isa = PBXGroup;
			children = (
				BD3BD9122886FFFB00513938 /* Representation4ALLUITests.swift */,
				BD3BD9142886FFFB00513938 /* Representation4ALLUITestsLaunchTests.swift */,
			);
			path = Representation4ALLUITests;
			sourceTree = "<group>";
		};
/* End PBXGroup section */

/* Begin PBXNativeTarget section */
		BD3BD8EA2886FFF900513938 /* Representation4ALL */ = {
			isa = PBXNativeTarget;
			buildConfigurationList = BD3BD9182886FFFB00513938 /* Build configuration list for PBXNativeTarget "Representation4ALL" */;
			buildPhases = (
				BD3BD8E72886FFF900513938 /* Sources */,
				BD3BD8E82886FFF900513938 /* Frameworks */,
				BD3BD8E92886FFF900513938 /* Resources */,
			);
			buildRules = (
			);
			dependencies = (
			);
			name = Representation4ALL;
			productName = Representation4ALL;
			productReference = BD3BD8EB2886FFF900513938 /* Representation4ALL.app */;
			productType = "com.apple.product-type.application";
		};
		BD3BD9032886FFFB00513938 /* Representation4ALLTests */ = {
			isa = PBXNativeTarget;
			buildConfigurationList = BD3BD91B2886FFFB00513938 /* Build configuration list for PBXNativeTarget "Representation4ALLTests" */;
			buildPhases = (
				BD3BD9002886FFFB00513938 /* Sources */,
				BD3BD9012886FFFB00513938 /* Frameworks */,
				BD3BD9022886FFFB00513938 /* Resources */,
			);
			buildRules = (
			);
			dependencies = (
				BD3BD9062886FFFB00513938 /* PBXTargetDependency */,
			);
			name = Representation4ALLTests;
			productName = Representation4ALLTests;
			productReference = BD3BD9042886FFFB00513938 /* Representation4ALLTests.xctest */;
			productType = "com.apple.product-type.bundle.unit-test";
		};
		BD3BD90D2886FFFB00513938 /* Representation4ALLUITests */ = {
			isa = PBXNativeTarget;
			buildConfigurationList = BD3BD91E2886FFFB00513938 /* Build configuration list for PBXNativeTarget "Representation4ALLUITests" */;
			buildPhases = (
				BD3BD90A2886FFFB00513938 /* Sources */,
				BD3BD90B2886FFFB00513938 /* Frameworks */,
				BD3BD90C2886FFFB00513938 /* Resources */,
			);
			buildRules = (
			);
			dependencies = (
				BD3BD9102886FFFB00513938 /* PBXTargetDependency */,
			);
			name = Representation4ALLUITests;
			productName = Representation4ALLUITests;
			productReference = BD3BD90E2886FFFB00513938 /* Representation4ALLUITests.xctest */;
			productType = "com.apple.product-type.bundle.ui-testing";
		};
/* End PBXNativeTarget section */

/* Begin PBXProject section */
		BD3BD8E32886FFF900513938 /* Project object */ = {
			isa = PBXProject;
			attributes = {
				BuildIndependentTargetsInParallel = 1;
				LastSwiftUpdateCheck = 1340;
				LastUpgradeCheck = 1340;
				TargetAttributes = {
					BD3BD8EA2886FFF900513938 = {
						CreatedOnToolsVersion = 13.4.1;
					};
					BD3BD9032886FFFB00513938 = {
						CreatedOnToolsVersion = 13.4.1;
						TestTargetID = BD3BD8EA2886FFF900513938;
					};
					BD3BD90D2886FFFB00513938 = {
						CreatedOnToolsVersion = 13.4.1;
						TestTargetID = BD3BD8EA2886FFF900513938;
					};
				};
			};
			buildConfigurationList = BD3BD8E62886FFF900513938 /* Build configuration list for PBXProject "Representation4ALL" */;
			compatibilityVersion = "Xcode 13.0";
			developmentRegion = en;
			hasScannedForEncodings = 0;
			knownRegions = (
				en,
				Base,
			);
			mainGroup = BD3BD8E22886FFF900513938;
			productRefGroup = BD3BD8EC2886FFF900513938 /* Products */;
			projectDirPath = "";
			projectRoot = "";
			targets = (
				BD3BD8EA2886FFF900513938 /* Representation4ALL */,
				BD3BD9032886FFFB00513938 /* Representation4ALLTests */,
				BD3BD90D2886FFFB00513938 /* Representation4ALLUITests */,
			);
		};
/* End PBXProject section */

/* Begin PBXResourcesBuildPhase section */
		BD3BD8E92886FFF900513938 /* Resources */ = {
			isa = PBXResourcesBuildPhase;
			buildActionMask = 2147483647;
			files = (
				BD3BD8FE2886FFFB00513938 /* LaunchScreen.storyboard in Resources */,
				BD3BD8FB2886FFFB00513938 /* Assets.xcassets in Resources */,
				BD3BD8F62886FFF900513938 /* Main.storyboard in Resources */,
			);
			runOnlyForDeploymentPostprocessing = 0;
		};
		BD3BD9022886FFFB00513938 /* Resources */ = {
			isa = PBXResourcesBuildPhase;
			buildActionMask = 2147483647;
			files = (
			);
			runOnlyForDeploymentPostprocessing = 0;
		};
		BD3BD90C2886FFFB00513938 /* Resources */ = {
			isa = PBXResourcesBuildPhase;
			buildActionMask = 2147483647;
			files = (
			);
			runOnlyForDeploymentPostprocessing = 0;
		};
/* End PBXResourcesBuildPhase section */

/* Begin PBXSourcesBuildPhase section */
		BD3BD8E72886FFF900513938 /* Sources */ = {
			isa = PBXSourcesBuildPhase;
			buildActionMask = 2147483647;
			files = (
				BD3BD8F32886FFF900513938 /* ViewController.swift in Sources */,
				BD3BD8EF2886FFF900513938 /* AppDelegate.swift in Sources */,
				BD3BD8F12886FFF900513938 /* SceneDelegate.swift in Sources */,
				BD3BD8F92886FFF900513938 /* Representation4ALL.xcdatamodeld in Sources */,
			);
			runOnlyForDeploymentPostprocessing = 0;
		};
		BD3BD9002886FFFB00513938 /* Sources */ = {
			isa = PBXSourcesBuildPhase;
			buildActionMask = 2147483647;
			files = (
				BD3BD9092886FFFB00513938 /* Representation4ALLTests.swift in Sources */,
			);
			runOnlyForDeploymentPostprocessing = 0;
		};
		BD3BD90A2886FFFB00513938 /* Sources */ = {
			isa = PBXSourcesBuildPhase;
			buildActionMask = 2147483647;
			files = (
				BD3BD9152886FFFB00513938 /* Representation4ALLUITestsLaunchTests.swift in Sources */,
				BD3BD9132886FFFB00513938 /* Representation4ALLUITests.swift in Sources */,
			);
			runOnlyForDeploymentPostprocessing = 0;
		};
/* End PBXSourcesBuildPhase section */

/* Begin PBXTargetDependency section */
		BD3BD9062886FFFB00513938 /* PBXTargetDependency */ = {
			isa = PBXTargetDependency;
			target = BD3BD8EA2886FFF900513938 /* Representation4ALL */;
			targetProxy = BD3BD9052886FFFB00513938 /* PBXContainerItemProxy */;
		};
		BD3BD9102886FFFB00513938 /* PBXTargetDependency */ = {
			isa = PBXTargetDependency;
			target = BD3BD8EA2886FFF900513938 /* Representation4ALL */;
			targetProxy = BD3BD90F2886FFFB00513938 /* PBXContainerItemProxy */;
		};
/* End PBXTargetDependency section */

/* Begin PBXVariantGroup section */
		BD3BD8F42886FFF900513938 /* Main.storyboard */ = {
			isa = PBXVariantGroup;
			children = (
				BD3BD8F52886FFF900513938 /* Base */,
			);
			name = Main.storyboard;
			sourceTree = "<group>";
		};
		BD3BD8FC2886FFFB00513938 /* LaunchScreen.storyboard */ = {
			isa = PBXVariantGroup;
			children = (
				BD3BD8FD2886FFFB00513938 /* Base */,
			);
			name = LaunchScreen.storyboard;
			sourceTree = "<group>";
		};
/* End PBXVariantGroup section */

/* Begin XCBuildConfiguration section */
		BD3BD9162886FFFB00513938 /* Debug */ = {
			isa = XCBuildConfiguration;
			buildSettings = {
				ALWAYS_SEARCH_USER_PATHS = NO;
				CLANG_ANALYZER_NONNULL = YES;
				CLANG_ANALYZER_NUMBER_OBJECT_CONVERSION = YES_AGGRESSIVE;
				CLANG_CXX_LANGUAGE_STANDARD = "gnu++17";
				CLANG_ENABLE_MODULES = YES;
				CLANG_ENABLE_OBJC_ARC = YES;
				CLANG_ENABLE_OBJC_WEAK = YES;
				CLANG_WARN_BLOCK_CAPTURE_AUTORELEASING = YES;
				CLANG_WARN_BOOL_CONVERSION = YES;
				CLANG_WARN_COMMA = YES;
				CLANG_WARN_CONSTANT_CONVERSION = YES;
				CLANG_WARN_DEPRECATED_OBJC_IMPLEMENTATIONS = YES;
				CLANG_WARN_DIRECT_OBJC_ISA_USAGE = YES_ERROR;
				CLANG_WARN_DOCUMENTATION_COMMENTS = YES;
				CLANG_WARN_EMPTY_BODY = YES;
				CLANG_WARN_ENUM_CONVERSION = YES;
				CLANG_WARN_INFINITE_RECURSION = YES;
				CLANG_WARN_INT_CONVERSION = YES;
				CLANG_WARN_NON_LITERAL_NULL_CONVERSION = YES;
				CLANG_WARN_OBJC_IMPLICIT_RETAIN_SELF = YES;
				CLANG_WARN_OBJC_LITERAL_CONVERSION = YES;
				CLANG_WARN_OBJC_ROOT_CLASS = YES_ERROR;
				CLANG_WARN_QUOTED_INCLUDE_IN_FRAMEWORK_HEADER = YES;
				CLANG_WARN_RANGE_LOOP_ANALYSIS = YES;
				CLANG_WARN_STRICT_PROTOTYPES = YES;
				CLANG_WARN_SUSPICIOUS_MOVE = YES;
				CLANG_WARN_UNGUARDED_AVAILABILITY = YES_AGGRESSIVE;
				CLANG_WARN_UNREACHABLE_CODE = YES;
				CLANG_WARN__DUPLICATE_METHOD_MATCH = YES;
				COPY_PHASE_STRIP = NO;
				DEBUG_INFORMATION_FORMAT = dwarf;
				ENABLE_STRICT_OBJC_MSGSEND = YES;
				ENABLE_TESTABILITY = YES;
				GCC_C_LANGUAGE_STANDARD = gnu11;
				GCC_DYNAMIC_NO_PIC = NO;
				GCC_NO_COMMON_BLOCKS = YES;
				GCC_OPTIMIZATION_LEVEL = 0;
				GCC_PREPROCESSOR_DEFINITIONS = (
					"DEBUG=1",
					"$(inherited)",
				);
				GCC_WARN_64_TO_32_BIT_CONVERSION = YES;
				GCC_WARN_ABOUT_RETURN_TYPE = YES_ERROR;
				GCC_WARN_UNDECLARED_SELECTOR = YES;
				GCC_WARN_UNINITIALIZED_AUTOS = YES_AGGRESSIVE;
				GCC_WARN_UNUSED_FUNCTION = YES;
				GCC_WARN_UNUSED_VARIABLE = YES;
				IPHONEOS_DEPLOYMENT_TARGET = 15.5;
				MTL_ENABLE_DEBUG_INFO = INCLUDE_SOURCE;
				MTL_FAST_MATH = YES;
				ONLY_ACTIVE_ARCH = YES;
				SDKROOT = iphoneos;
				SWIFT_ACTIVE_COMPILATION_CONDITIONS = DEBUG;
				SWIFT_OPTIMIZATION_LEVEL = "-Onone";
			};
			name = Debug;
		};
		BD3BD9172886FFFB00513938 /* Release */ = {
			isa = XCBuildConfiguration;
			buildSettings = {
				ALWAYS_SEARCH_USER_PATHS = NO;
				CLANG_ANALYZER_NONNULL = YES;
				CLANG_ANALYZER_NUMBER_OBJECT_CONVERSION = YES_AGGRESSIVE;
				CLANG_CXX_LANGUAGE_STANDARD = "gnu++17";
				CLANG_ENABLE_MODULES = YES;
				CLANG_ENABLE_OBJC_ARC = YES;
				CLANG_ENABLE_OBJC_WEAK = YES;
				CLANG_WARN_BLOCK_CAPTURE_AUTORELEASING = YES;
				CLANG_WARN_BOOL_CONVERSION = YES;
				CLANG_WARN_COMMA = YES;
				CLANG_WARN_CONSTANT_CONVERSION = YES;
				CLANG_WARN_DEPRECATED_OBJC_IMPLEMENTATIONS = YES;
				CLANG_WARN_DIRECT_OBJC_ISA_USAGE = YES_ERROR;
				CLANG_WARN_DOCUMENTATION_COMMENTS = YES;
				CLANG_WARN_EMPTY_BODY = YES;
				CLANG_WARN_ENUM_CONVERSION = YES;
				CLANG_WARN_INFINITE_RECURSION = YES;
				CLANG_WARN_INT_CONVERSION = YES;
				CLANG_WARN_NON_LITERAL_NULL_CONVERSION = YES;
				CLANG_WARN_OBJC_IMPLICIT_RETAIN_SELF = YES;
				CLANG_WARN_OBJC_LITERAL_CONVERSION = YES;
				CLANG_WARN_OBJC_ROOT_CLASS = YES_ERROR;
				CLANG_WARN_QUOTED_INCLUDE_IN_FRAMEWORK_HEADER = YES;
				CLANG_WARN_RANGE_LOOP_ANALYSIS = YES;
				CLANG_WARN_STRICT_PROTOTYPES = YES;
				CLANG_WARN_SUSPICIOUS_MOVE = YES;
				CLANG_WARN_UNGUARDED_AVAILABILITY = YES_AGGRESSIVE;
				CLANG_WARN_UNREACHABLE_CODE = YES;
				CLANG_WARN__DUPLICATE_METHOD_MATCH = YES;
				COPY_PHASE_STRIP = NO;
				DEBUG_INFORMATION_FORMAT = "dwarf-with-dsym";
				ENABLE_NS_ASSERTIONS = NO;
				ENABLE_STRICT_OBJC_MSGSEND = YES;
				GCC_C_LANGUAGE_STANDARD = gnu11;
				GCC_NO_COMMON_BLOCKS = YES;
				GCC_WARN_64_TO_32_BIT_CONVERSION = YES;
				GCC_WARN_ABOUT_RETURN_TYPE = YES_ERROR;
				GCC_WARN_UNDECLARED_SELECTOR = YES;
				GCC_WARN_UNINITIALIZED_AUTOS = YES_AGGRESSIVE;
				GCC_WARN_UNUSED_FUNCTION = YES;
				GCC_WARN_UNUSED_VARIABLE = YES;
				IPHONEOS_DEPLOYMENT_TARGET = 15.5;
				MTL_ENABLE_DEBUG_INFO = NO;
				MTL_FAST_MATH = YES;
				SDKROOT = iphoneos;
				SWIFT_COMPILATION_MODE = wholemodule;
				SWIFT_OPTIMIZATION_LEVEL = "-O";
				VALIDATE_PRODUCT = YES;
			};
			name = Release;
		};
		BD3BD9192886FFFB00513938 /* Debug */ = {
			isa = XCBuildConfiguration;
			buildSettings = {
				ASSETCATALOG_COMPILER_APPICON_NAME = AppIcon;
				ASSETCATALOG_COMPILER_GLOBAL_ACCENT_COLOR_NAME = AccentColor;
				CODE_SIGN_STYLE = Automatic;
				CURRENT_PROJECT_VERSION = 1;
				GENERATE_INFOPLIST_FILE = YES;
				INFOPLIST_FILE = Representation4ALL/Info.plist;
				INFOPLIST_KEY_UIApplicationSupportsIndirectInputEvents = YES;
				INFOPLIST_KEY_UILaunchStoryboardName = LaunchScreen;
				INFOPLIST_KEY_UIMainStoryboardFile = Main;
				INFOPLIST_KEY_UISupportedInterfaceOrientations_iPad = "UIInterfaceOrientationPortrait UIInterfaceOrientationPortraitUpsideDown UIInterfaceOrientationLandscapeLeft UIInterfaceOrientationLandscapeRight";
				INFOPLIST_KEY_UISupportedInterfaceOrientations_iPhone = "UIInterfaceOrientationPortrait UIInterfaceOrientationLandscapeLeft UIInterfaceOrientationLandscapeRight";
				LD_RUNPATH_SEARCH_PATHS = (
					"$(inherited)",
					"@executable_path/Frameworks",
				);
				MARKETING_VERSION = 1.0;
				PRODUCT_BUNDLE_IDENTIFIER = "Hira-Usman.Representation4ALL";
				PRODUCT_NAME = "$(TARGET_NAME)";
				SWIFT_EMIT_LOC_STRINGS = YES;
				SWIFT_VERSION = 5.0;
				TARGETED_DEVICE_FAMILY = "1,2";
			};
			name = Debug;
		};
		BD3BD91A2886FFFB00513938 /* Release */ = {
			isa = XCBuildConfiguration;
			buildSettings = {
				ASSETCATALOG_COMPILER_APPICON_NAME = AppIcon;
				ASSETCATALOG_COMPILER_GLOBAL_ACCENT_COLOR_NAME = AccentColor;
				CODE_SIGN_STYLE = Automatic;
				CURRENT_PROJECT_VERSION = 1;
				GENERATE_INFOPLIST_FILE = YES;
				INFOPLIST_FILE = Representation4ALL/Info.plist;
				INFOPLIST_KEY_UIApplicationSupportsIndirectInputEvents = YES;
				INFOPLIST_KEY_UILaunchStoryboardName = LaunchScreen;
				INFOPLIST_KEY_UIMainStoryboardFile = Main;
				INFOPLIST_KEY_UISupportedInterfaceOrientations_iPad = "UIInterfaceOrientationPortrait UIInterfaceOrientationPortraitUpsideDown UIInterfaceOrientationLandscapeLeft UIInterfaceOrientationLandscapeRight";
				INFOPLIST_KEY_UISupportedInterfaceOrientations_iPhone = "UIInterfaceOrientationPortrait UIInterfaceOrientationLandscapeLeft UIInterfaceOrientationLandscapeRight";
				LD_RUNPATH_SEARCH_PATHS = (
					"$(inherited)",
					"@executable_path/Frameworks",
				);
				MARKETING_VERSION = 1.0;
				PRODUCT_BUNDLE_IDENTIFIER = "Hira-Usman.Representation4ALL";
				PRODUCT_NAME = "$(TARGET_NAME)";
				SWIFT_EMIT_LOC_STRINGS = YES;
				SWIFT_VERSION = 5.0;
				TARGETED_DEVICE_FAMILY = "1,2";
			};
			name = Release;
		};
		BD3BD91C2886FFFB00513938 /* Debug */ = {
			isa = XCBuildConfiguration;
			buildSettings = {
				ALWAYS_EMBED_SWIFT_STANDARD_LIBRARIES = YES;
				BUNDLE_LOADER = "$(TEST_HOST)";
				CODE_SIGN_STYLE = Automatic;
				CURRENT_PROJECT_VERSION = 1;
				GENERATE_INFOPLIST_FILE = YES;
				IPHONEOS_DEPLOYMENT_TARGET = 15.5;
				MARKETING_VERSION = 1.0;
				PRODUCT_BUNDLE_IDENTIFIER = "Hira-Usman.Representation4ALLTests";
				PRODUCT_NAME = "$(TARGET_NAME)";
				SWIFT_EMIT_LOC_STRINGS = NO;
				SWIFT_VERSION = 5.0;
				TARGETED_DEVICE_FAMILY = "1,2";
				TEST_HOST = "$(BUILT_PRODUCTS_DIR)/Representation4ALL.app/Representation4ALL";
			};
			name = Debug;
		};
		BD3BD91D2886FFFB00513938 /* Release */ = {
			isa = XCBuildConfiguration;
			buildSettings = {
				ALWAYS_EMBED_SWIFT_STANDARD_LIBRARIES = YES;
				BUNDLE_LOADER = "$(TEST_HOST)";
				CODE_SIGN_STYLE = Automatic;
				CURRENT_PROJECT_VERSION = 1;
				GENERATE_INFOPLIST_FILE = YES;
				IPHONEOS_DEPLOYMENT_TARGET = 15.5;
				MARKETING_VERSION = 1.0;
				PRODUCT_BUNDLE_IDENTIFIER = "Hira-Usman.Representation4ALLTests";
				PRODUCT_NAME = "$(TARGET_NAME)";
				SWIFT_EMIT_LOC_STRINGS = NO;
				SWIFT_VERSION = 5.0;
				TARGETED_DEVICE_FAMILY = "1,2";
				TEST_HOST = "$(BUILT_PRODUCTS_DIR)/Representation4ALL.app/Representation4ALL";
			};
			name = Release;
		};
		BD3BD91F2886FFFB00513938 /* Debug */ = {
			isa = XCBuildConfiguration;
			buildSettings = {
				ALWAYS_EMBED_SWIFT_STANDARD_LIBRARIES = YES;
				CODE_SIGN_STYLE = Automatic;
				CURRENT_PROJECT_VERSION = 1;
				GENERATE_INFOPLIST_FILE = YES;
				MARKETING_VERSION = 1.0;
				PRODUCT_BUNDLE_IDENTIFIER = "Hira-Usman.Representation4ALLUITests";
				PRODUCT_NAME = "$(TARGET_NAME)";
				SWIFT_EMIT_LOC_STRINGS = NO;
				SWIFT_VERSION = 5.0;
				TARGETED_DEVICE_FAMILY = "1,2";
				TEST_TARGET_NAME = Representation4ALL;
			};
			name = Debug;
		};
		BD3BD9202886FFFB00513938 /* Release */ = {
			isa = XCBuildConfiguration;
			buildSettings = {
				ALWAYS_EMBED_SWIFT_STANDARD_LIBRARIES = YES;
				CODE_SIGN_STYLE = Automatic;
				CURRENT_PROJECT_VERSION = 1;
				GENERATE_INFOPLIST_FILE = YES;
				MARKETING_VERSION = 1.0;
				PRODUCT_BUNDLE_IDENTIFIER = "Hira-Usman.Representation4ALLUITests";
				PRODUCT_NAME = "$(TARGET_NAME)";
				SWIFT_EMIT_LOC_STRINGS = NO;
				SWIFT_VERSION = 5.0;
				TARGETED_DEVICE_FAMILY = "1,2";
				TEST_TARGET_NAME = Representation4ALL;
			};
			name = Release;
		};
/* End XCBuildConfiguration section */

/* Begin XCConfigurationList section */
		BD3BD8E62886FFF900513938 /* Build configuration list for PBXProject "Representation4ALL" */ = {
			isa = XCConfigurationList;
			buildConfigurations = (
				BD3BD9162886FFFB00513938 /* Debug */,
				BD3BD9172886FFFB00513938 /* Release */,
			);
			defaultConfigurationIsVisible = 0;
			defaultConfigurationName = Release;
		};
		BD3BD9182886FFFB00513938 /* Build configuration list for PBXNativeTarget "Representation4ALL" */ = {
			isa = XCConfigurationList;
			buildConfigurations = (
				BD3BD9192886FFFB00513938 /* Debug */,
				BD3BD91A2886FFFB00513938 /* Release */,
			);
			defaultConfigurationIsVisible = 0;
			defaultConfigurationName = Release;
		};
		BD3BD91B2886FFFB00513938 /* Build configuration list for PBXNativeTarget "Representation4ALLTests" */ = {
			isa = XCConfigurationList;
			buildConfigurations = (
				BD3BD91C2886FFFB00513938 /* Debug */,
				BD3BD91D2886FFFB00513938 /* Release */,
			);
			defaultConfigurationIsVisible = 0;
			defaultConfigurationName = Release;
		};
		BD3BD91E2886FFFB00513938 /* Build configuration list for PBXNativeTarget "Representation4ALLUITests" */ = {
			isa = XCConfigurationList;
			buildConfigurations = (
				BD3BD91F2886FFFB00513938 /* Debug */,
				BD3BD9202886FFFB00513938 /* Release */,
			);
			defaultConfigurationIsVisible = 0;
			defaultConfigurationName = Release;
		};
/* End XCConfigurationList section */

/* Begin XCVersionGroup section */
		BD3BD8F72886FFF900513938 /* Representation4ALL.xcdatamodeld */ = {
			isa = XCVersionGroup;
			children = (
				BD3BD8F82886FFF900513938 /* Representation4ALL.xcdatamodel */,
			);
			currentVersion = BD3BD8F82886FFF900513938 /* Representation4ALL.xcdatamodel */;
			path = Representation4ALL.xcdatamodeld;
			sourceTree = "<group>";
			versionGroupType = wrapper.xcdatamodel;
		};
/* End XCVersionGroup section */
	};
	rootObject = BD3BD8E32886FFF900513938 /* Project object */;
}
